
Microsoft Visual Studio Solution File, Format Version 12.00
# Visual Studio 15
VisualStudioVersion = 15.0.28307.421
MinimumVisualStudioVersion = 10.0.40219.1
Project("{FAE04EC0-301F-11D3-BF4B-00C04F79EFBC}") = "homework04", "homework04\homework04.csproj", "{6A29D408-B355-43E9-ABE2-196FE7D73157}"
EndProject
Global
	GlobalSection(SolutionConfigurationPlatforms) = preSolution
		Debug|Any CPU = Debug|Any CPU
		Release|Any CPU = Release|Any CPU
	EndGlobalSection
	GlobalSection(ProjectConfigurationPlatforms) = postSolution
		{6A29D408-B355-43E9-ABE2-196FE7D73157}.Debug|Any CPU.ActiveCfg = Debug|Any CPU
		{6A29D408-B355-43E9-ABE2-196FE7D73157}.Debug|Any CPU.Build.0 = Debug|Any CPU
		{6A29D408-B355-43E9-ABE2-196FE7D73157}.Release|Any CPU.ActiveCfg = Release|Any CPU
		{6A29D408-B355-43E9-ABE2-196FE7D73157}.Release|Any CPU.Build.0 = Release|Any CPU
	EndGlobalSection
	GlobalSection(SolutionProperties) = preSolution
		HideSolutionNode = FALSE
	EndGlobalSection
	GlobalSection(ExtensibilityGlobals) = postSolution
		SolutionGuid = {36D60D9C-40B8-4D37-8AF5-A6911503107B}
	EndGlobalSection
EndGlobal
